
Microsoft Visual Studio Solution File, Format Version 10.00
# Visual Studio 2008
Project("{FAE04EC0-301F-11D3-BF4B-00C04F79EFBC}") = "GraphForms", "GraphForms\GraphForms.csproj", "{58895BB9-20B4-4E91-8394-AD7D4A9246E9}"
EndProject
Project("{FAE04EC0-301F-11D3-BF4B-00C04F79EFBC}") = "ElasticNodes", "ElasticNodes\ElasticNodes.csproj", "{DC784E75-BF81-4E15-9ADB-162971318D6C}"
EndProject
Project("{FAE04EC0-301F-11D3-BF4B-00C04F79EFBC}") = "GraphAlgorithmDemo", "GraphAlgorithmDemo\GraphAlgorithmDemo.csproj", "{127F2990-AAF6-4B93-97B5-854B77B4668F}"
EndProject
Global
	GlobalSection(SolutionConfigurationPlatforms) = preSolution
		Debug|Any CPU = Debug|Any CPU
		Release|Any CPU = Release|Any CPU
	EndGlobalSection
	GlobalSection(ProjectConfigurationPlatforms) = postSolution
		{58895BB9-20B4-4E91-8394-AD7D4A9246E9}.Debug|Any CPU.ActiveCfg = Debug|Any CPU
		{58895BB9-20B4-4E91-8394-AD7D4A9246E9}.Debug|Any CPU.Build.0 = Debug|Any CPU
		{58895BB9-20B4-4E91-8394-AD7D4A9246E9}.Release|Any CPU.ActiveCfg = Release|Any CPU
		{58895BB9-20B4-4E91-8394-AD7D4A9246E9}.Release|Any CPU.Build.0 = Release|Any CPU
		{DC784E75-BF81-4E15-9ADB-162971318D6C}.Debug|Any CPU.ActiveCfg = Debug|Any CPU
		{DC784E75-BF81-4E15-9ADB-162971318D6C}.Debug|Any CPU.Build.0 = Debug|Any CPU
		{DC784E75-BF81-4E15-9ADB-162971318D6C}.Release|Any CPU.ActiveCfg = Release|Any CPU
		{DC784E75-BF81-4E15-9ADB-162971318D6C}.Release|Any CPU.Build.0 = Release|Any CPU
		{127F2990-AAF6-4B93-97B5-854B77B4668F}.Debug|Any CPU.ActiveCfg = Debug|Any CPU
		{127F2990-AAF6-4B93-97B5-854B77B4668F}.Debug|Any CPU.Build.0 = Debug|Any CPU
		{127F2990-AAF6-4B93-97B5-854B77B4668F}.Release|Any CPU.ActiveCfg = Release|Any CPU
		{127F2990-AAF6-4B93-97B5-854B77B4668F}.Release|Any CPU.Build.0 = Release|Any CPU
	EndGlobalSection
	GlobalSection(SolutionProperties) = preSolution
		HideSolutionNode = FALSE
	EndGlobalSection
EndGlobal
